// !$*UTF8*$!
{
	archiveVersion = 1;
	classes = {
	};
	objectVersion = 56;
	objects = {

/* Begin PBXBuildFile section */
		3C3C50352D610C4E00EF0A3E /* FitnessTrackerView.swift in Sources */ = {isa = PBXBuildFile; fileRef = 3C3C50342D610C4E00EF0A3E /* FitnessTrackerView.swift */; };
		3C3C50372D610C6C00EF0A3E /* SplashScreenView.swift in Sources */ = {isa = PBXBuildFile; fileRef = 3C3C50362D610C6C00EF0A3E /* SplashScreenView.swift */; };
		3C3C50392D610C8300EF0A3E /* ViewModifiers.swift in Sources */ = {isa = PBXBuildFile; fileRef = 3C3C50382D610C8300EF0A3E /* ViewModifiers.swift */; };
		3C3C503B2D610C9400EF0A3E /* PhotoCaptureView.swift in Sources */ = {isa = PBXBuildFile; fileRef = 3C3C503A2D610C9400EF0A3E /* PhotoCaptureView.swift */; };
		3C3C503D2D610CB000EF0A3E /* LoginView.swift in Sources */ = {isa = PBXBuildFile; fileRef = 3C3C503C2D610CB000EF0A3E /* LoginView.swift */; };
		3C3C503F2D610CBF00EF0A3E /* ImagePicker.swift in Sources */ = {isa = PBXBuildFile; fileRef = 3C3C503E2D610CBF00EF0A3E /* ImagePicker.swift */; };
		3C3C50452D61247900EF0A3E /* ReminderView.swift in Sources */ = {isa = PBXBuildFile; fileRef = 3C3C50442D61247900EF0A3E /* ReminderView.swift */; };
		3C3C50472D61348200EF0A3E /* PositiveAffirmationML.mlmodel in Sources */ = {isa = PBXBuildFile; fileRef = 3C3C50462D61348100EF0A3E /* PositiveAffirmationML.mlmodel */; };
		3C3C50492D6139FA00EF0A3E /* MoodTrackerView.swift in Sources */ = {isa = PBXBuildFile; fileRef = 3C3C50482D6139FA00EF0A3E /* MoodTrackerView.swift */; };
		3C3C504D2D614C7500EF0A3E /* ContentView.swift in Sources */ = {isa = PBXBuildFile; fileRef = 3C3C504C2D614C7500EF0A3E /* ContentView.swift */; };
		3C3C504F2D614C8A00EF0A3E /* ZenFlowApp.swift in Sources */ = {isa = PBXBuildFile; fileRef = 3C3C504E2D614C8A00EF0A3E /* ZenFlowApp.swift */; };
		3C3C50532D61759D00EF0A3E /* LocationView.swift in Sources */ = {isa = PBXBuildFile; fileRef = 3C3C50522D61759D00EF0A3E /* LocationView.swift */; };
		3C7BD0692D610B3200531F0C /* SceneDelegate.swift in Sources */ = {isa = PBXBuildFile; fileRef = 3C7BD0682D610B3200531F0C /* SceneDelegate.swift */; };
		3C7BD06B2D610B3200531F0C /* ViewController.swift in Sources */ = {isa = PBXBuildFile; fileRef = 3C7BD06A2D610B3200531F0C /* ViewController.swift */; };
		3C7BD06E2D610B3200531F0C /* Base in Resources */ = {isa = PBXBuildFile; fileRef = 3C7BD06D2D610B3200531F0C /* Base */; };
		3C7BD0702D610B3400531F0C /* Assets.xcassets in Resources */ = {isa = PBXBuildFile; fileRef = 3C7BD06F2D610B3400531F0C /* Assets.xcassets */; };
		3C7BD0732D610B3400531F0C /* Base in Resources */ = {isa = PBXBuildFile; fileRef = 3C7BD0722D610B3400531F0C /* Base */; };
		3C7BD07B2D610B7500531F0C /* HealthFormView.swift in Sources */ = {isa = PBXBuildFile; fileRef = 3C7BD07A2D610B7500531F0C /* HealthFormView.swift */; };
		3C7BD07F2D610BFC00531F0C /* ExerciseAnalyzerView.swift in Sources */ = {isa = PBXBuildFile; fileRef = 3C7BD07E2D610BFC00531F0C /* ExerciseAnalyzerView.swift */; };
		3C7BD0812D610C1000531F0C /* OptionsView.swift in Sources */ = {isa = PBXBuildFile; fileRef = 3C7BD0802D610C1000531F0C /* OptionsView.swift */; };
		3C7BD0832D610C2400531F0C /* UIImageExtensions.swift in Sources */ = {isa = PBXBuildFile; fileRef = 3C7BD0822D610C2400531F0C /* UIImageExtensions.swift */; };
/* End PBXBuildFile section */

/* Begin PBXFileReference section */
		3C3C50342D610C4E00EF0A3E /* FitnessTrackerView.swift */ = {isa = PBXFileReference; lastKnownFileType = sourcecode.swift; path = FitnessTrackerView.swift; sourceTree = "<group>"; };
		3C3C50362D610C6C00EF0A3E /* SplashScreenView.swift */ = {isa = PBXFileReference; lastKnownFileType = sourcecode.swift; path = SplashScreenView.swift; sourceTree = "<group>"; };
		3C3C50382D610C8300EF0A3E /* ViewModifiers.swift */ = {isa = PBXFileReference; lastKnownFileType = sourcecode.swift; path = ViewModifiers.swift; sourceTree = "<group>"; };
		3C3C503A2D610C9400EF0A3E /* PhotoCaptureView.swift */ = {isa = PBXFileReference; lastKnownFileType = sourcecode.swift; path = PhotoCaptureView.swift; sourceTree = "<group>"; };
		3C3C503C2D610CB000EF0A3E /* LoginView.swift */ = {isa = PBXFileReference; lastKnownFileType = sourcecode.swift; path = LoginView.swift; sourceTree = "<group>"; };
		3C3C503E2D610CBF00EF0A3E /* ImagePicker.swift */ = {isa = PBXFileReference; lastKnownFileType = sourcecode.swift; path = ImagePicker.swift; sourceTree = "<group>"; };
		3C3C50442D61247900EF0A3E /* ReminderView.swift */ = {isa = PBXFileReference; lastKnownFileType = sourcecode.swift; path = ReminderView.swift; sourceTree = "<group>"; };
		3C3C50462D61348100EF0A3E /* PositiveAffirmationML.mlmodel */ = {isa = PBXFileReference; lastKnownFileType = file.mlmodel; path = PositiveAffirmationML.mlmodel; sourceTree = "<group>"; };
		3C3C50482D6139FA00EF0A3E /* MoodTrackerView.swift */ = {isa = PBXFileReference; lastKnownFileType = sourcecode.swift; path = MoodTrackerView.swift; sourceTree = "<group>"; };
		3C3C504C2D614C7500EF0A3E /* ContentView.swift */ = {isa = PBXFileReference; lastKnownFileType = sourcecode.swift; path = ContentView.swift; sourceTree = "<group>"; };
		3C3C504E2D614C8A00EF0A3E /* ZenFlowApp.swift */ = {isa = PBXFileReference; lastKnownFileType = sourcecode.swift; path = ZenFlowApp.swift; sourceTree = "<group>"; };
		3C3C50522D61759D00EF0A3E /* LocationView.swift */ = {isa = PBXFileReference; lastKnownFileType = sourcecode.swift; path = LocationView.swift; sourceTree = "<group>"; };
		3C7BD0632D610B3200531F0C /* ZenFlow.app */ = {isa = PBXFileReference; explicitFileType = wrapper.application; includeInIndex = 0; path = ZenFlow.app; sourceTree = BUILT_PRODUCTS_DIR; };
		3C7BD0682D610B3200531F0C /* SceneDelegate.swift */ = {isa = PBXFileReference; lastKnownFileType = sourcecode.swift; path = SceneDelegate.swift; sourceTree = "<group>"; };
		3C7BD06A2D610B3200531F0C /* ViewController.swift */ = {isa = PBXFileReference; lastKnownFileType = sourcecode.swift; path = ViewController.swift; sourceTree = "<group>"; };
		3C7BD06D2D610B3200531F0C /* Base */ = {isa = PBXFileReference; lastKnownFileType = file.storyboard; name = Base; path = Base.lproj/Main.storyboard; sourceTree = "<group>"; };
		3C7BD06F2D610B3400531F0C /* Assets.xcassets */ = {isa = PBXFileReference; lastKnownFileType = folder.assetcatalog; path = Assets.xcassets; sourceTree = "<group>"; };
		3C7BD0722D610B3400531F0C /* Base */ = {isa = PBXFileReference; lastKnownFileType = file.storyboard; name = Base; path = Base.lproj/LaunchScreen.storyboard; sourceTree = "<group>"; };
		3C7BD0742D610B3400531F0C /* Info.plist */ = {isa = PBXFileReference; lastKnownFileType = text.plist.xml; path = Info.plist; sourceTree = "<group>"; };
		3C7BD07A2D610B7500531F0C /* HealthFormView.swift */ = {isa = PBXFileReference; lastKnownFileType = sourcecode.swift; path = HealthFormView.swift; sourceTree = "<group>"; };
		3C7BD07E2D610BFC00531F0C /* ExerciseAnalyzerView.swift */ = {isa = PBXFileReference; lastKnownFileType = sourcecode.swift; path = ExerciseAnalyzerView.swift; sourceTree = "<group>"; };
		3C7BD0802D610C1000531F0C /* OptionsView.swift */ = {isa = PBXFileReference; lastKnownFileType = sourcecode.swift; path = OptionsView.swift; sourceTree = "<group>"; };
		3C7BD0822D610C2400531F0C /* UIImageExtensions.swift */ = {isa = PBXFileReference; lastKnownFileType = sourcecode.swift; path = UIImageExtensions.swift; sourceTree = "<group>"; };
/* End PBXFileReference section */

/* Begin PBXFrameworksBuildPhase section */
		3C7BD0602D610B3200531F0C /* Frameworks */ = {
			isa = PBXFrameworksBuildPhase;
			buildActionMask = 2147483647;
			files = (
			);
			runOnlyForDeploymentPostprocessing = 0;
		};
/* End PBXFrameworksBuildPhase section */

/* Begin PBXGroup section */
		3C7BD05A2D610B3200531F0C = {
			isa = PBXGroup;
			children = (
				3C7BD0652D610B3200531F0C /* ZenFlow */,
				3C7BD0642D610B3200531F0C /* Products */,
			);
			sourceTree = "<group>";
		};
		3C7BD0642D610B3200531F0C /* Products */ = {
			isa = PBXGroup;
			children = (
				3C7BD0632D610B3200531F0C /* ZenFlow.app */,
			);
			name = Products;
			sourceTree = "<group>";
		};
		3C7BD0652D610B3200531F0C /* ZenFlow */ = {
			isa = PBXGroup;
			children = (
				3C7BD07A2D610B7500531F0C /* HealthFormView.swift */,
				3C3C504C2D614C7500EF0A3E /* ContentView.swift */,
				3C3C504E2D614C8A00EF0A3E /* ZenFlowApp.swift */,
				3C7BD0682D610B3200531F0C /* SceneDelegate.swift */,
				3C7BD0802D610C1000531F0C /* OptionsView.swift */,
				3C3C503E2D610CBF00EF0A3E /* ImagePicker.swift */,
				3C3C50362D610C6C00EF0A3E /* SplashScreenView.swift */,
				3C3C503C2D610CB000EF0A3E /* LoginView.swift */,
				3C3C50382D610C8300EF0A3E /* ViewModifiers.swift */,
				3C3C50442D61247900EF0A3E /* ReminderView.swift */,
				3C3C503A2D610C9400EF0A3E /* PhotoCaptureView.swift */,
				3C3C50342D610C4E00EF0A3E /* FitnessTrackerView.swift */,
				3C7BD0822D610C2400531F0C /* UIImageExtensions.swift */,
				3C7BD07E2D610BFC00531F0C /* ExerciseAnalyzerView.swift */,
				3C7BD06A2D610B3200531F0C /* ViewController.swift */,
				3C3C50482D6139FA00EF0A3E /* MoodTrackerView.swift */,
				3C3C50522D61759D00EF0A3E /* LocationView.swift */,
				3C7BD06C2D610B3200531F0C /* Main.storyboard */,
				3C7BD06F2D610B3400531F0C /* Assets.xcassets */,
				3C3C50462D61348100EF0A3E /* PositiveAffirmationML.mlmodel */,
				3C7BD0712D610B3400531F0C /* LaunchScreen.storyboard */,
				3C7BD0742D610B3400531F0C /* Info.plist */,
			);
			path = ZenFlow;
			sourceTree = "<group>";
		};
/* End PBXGroup section */

/* Begin PBXNativeTarget section */
		3C7BD0622D610B3200531F0C /* ZenFlow */ = {
			isa = PBXNativeTarget;
			buildConfigurationList = 3C7BD0772D610B3400531F0C /* Build configuration list for PBXNativeTarget "ZenFlow" */;
			buildPhases = (
				3C7BD05F2D610B3200531F0C /* Sources */,
				3C7BD0602D610B3200531F0C /* Frameworks */,
				3C7BD0612D610B3200531F0C /* Resources */,
			);
			buildRules = (
			);
			dependencies = (
			);
			name = ZenFlow;
			productName = ZenFlow;
			productReference = 3C7BD0632D610B3200531F0C /* ZenFlow.app */;
			productType = "com.apple.product-type.application";
		};
/* End PBXNativeTarget section */

/* Begin PBXProject section */
		3C7BD05B2D610B3200531F0C /* Project object */ = {
			isa = PBXProject;
			attributes = {
				BuildIndependentTargetsInParallel = 1;
				LastSwiftUpdateCheck = 1540;
				LastUpgradeCheck = 1540;
				TargetAttributes = {
					3C7BD0622D610B3200531F0C = {
						CreatedOnToolsVersion = 15.4;
					};
				};
			};
			buildConfigurationList = 3C7BD05E2D610B3200531F0C /* Build configuration list for PBXProject "ZenFlow" */;
			compatibilityVersion = "Xcode 14.0";
			developmentRegion = en;
			hasScannedForEncodings = 0;
			knownRegions = (
				en,
				Base,
			);
			mainGroup = 3C7BD05A2D610B3200531F0C;
			productRefGroup = 3C7BD0642D610B3200531F0C /* Products */;
			projectDirPath = "";
			projectRoot = "";
			targets = (
				3C7BD0622D610B3200531F0C /* ZenFlow */,
			);
		};
/* End PBXProject section */

/* Begin PBXResourcesBuildPhase section */
		3C7BD0612D610B3200531F0C /* Resources */ = {
			isa = PBXResourcesBuildPhase;
			buildActionMask = 2147483647;
			files = (
				3C7BD0702D610B3400531F0C /* Assets.xcassets in Resources */,
				3C7BD0732D610B3400531F0C /* Base in Resources */,
				3C7BD06E2D610B3200531F0C /* Base in Resources */,
			);
			runOnlyForDeploymentPostprocessing = 0;
		};
/* End PBXResourcesBuildPhase section */

/* Begin PBXSourcesBuildPhase section */
		3C7BD05F2D610B3200531F0C /* Sources */ = {
			isa = PBXSourcesBuildPhase;
			buildActionMask = 2147483647;
			files = (
				3C3C503F2D610CBF00EF0A3E /* ImagePicker.swift in Sources */,
				3C7BD07B2D610B7500531F0C /* HealthFormView.swift in Sources */,
				3C3C504D2D614C7500EF0A3E /* ContentView.swift in Sources */,
				3C3C504F2D614C8A00EF0A3E /* ZenFlowApp.swift in Sources */,
				3C7BD06B2D610B3200531F0C /* ViewController.swift in Sources */,
				3C3C50372D610C6C00EF0A3E /* SplashScreenView.swift in Sources */,
				3C7BD0832D610C2400531F0C /* UIImageExtensions.swift in Sources */,
				3C3C50532D61759D00EF0A3E /* LocationView.swift in Sources */,
				3C3C50492D6139FA00EF0A3E /* MoodTrackerView.swift in Sources */,
				3C3C50472D61348200EF0A3E /* PositiveAffirmationML.mlmodel in Sources */,
				3C3C503B2D610C9400EF0A3E /* PhotoCaptureView.swift in Sources */,
				3C3C503D2D610CB000EF0A3E /* LoginView.swift in Sources */,
				3C3C50392D610C8300EF0A3E /* ViewModifiers.swift in Sources */,
				3C7BD0812D610C1000531F0C /* OptionsView.swift in Sources */,
				3C3C50452D61247900EF0A3E /* ReminderView.swift in Sources */,
				3C7BD0692D610B3200531F0C /* SceneDelegate.swift in Sources */,
				3C3C50352D610C4E00EF0A3E /* FitnessTrackerView.swift in Sources */,
				3C7BD07F2D610BFC00531F0C /* ExerciseAnalyzerView.swift in Sources */,
			);
			runOnlyForDeploymentPostprocessing = 0;
		};
/* End PBXSourcesBuildPhase section */

/* Begin PBXVariantGroup section */
		3C7BD06C2D610B3200531F0C /* Main.storyboard */ = {
			isa = PBXVariantGroup;
			children = (
				3C7BD06D2D610B3200531F0C /* Base */,
			);
			name = Main.storyboard;
			sourceTree = "<group>";
		};
		3C7BD0712D610B3400531F0C /* LaunchScreen.storyboard */ = {
			isa = PBXVariantGroup;
			children = (
				3C7BD0722D610B3400531F0C /* Base */,
			);
			name = LaunchScreen.storyboard;
			sourceTree = "<group>";
		};
/* End PBXVariantGroup section */

/* Begin XCBuildConfiguration section */
		3C7BD0752D610B3400531F0C /* Debug */ = {
			isa = XCBuildConfiguration;
			buildSettings = {
				ALWAYS_SEARCH_USER_PATHS = NO;
				ASSETCATALOG_COMPILER_GENERATE_SWIFT_ASSET_SYMBOL_EXTENSIONS = YES;
				CLANG_ANALYZER_NONNULL = YES;
				CLANG_ANALYZER_NUMBER_OBJECT_CONVERSION = YES_AGGRESSIVE;
				CLANG_CXX_LANGUAGE_STANDARD = "gnu++20";
				CLANG_ENABLE_MODULES = YES;
				CLANG_ENABLE_OBJC_ARC = YES;
				CLANG_ENABLE_OBJC_WEAK = YES;
				CLANG_WARN_BLOCK_CAPTURE_AUTORELEASING = YES;
				CLANG_WARN_BOOL_CONVERSION = YES;
				CLANG_WARN_COMMA = YES;
				CLANG_WARN_CONSTANT_CONVERSION = YES;
				CLANG_WARN_DEPRECATED_OBJC_IMPLEMENTATIONS = YES;
				CLANG_WARN_DIRECT_OBJC_ISA_USAGE = YES_ERROR;
				CLANG_WARN_DOCUMENTATION_COMMENTS = YES;
				CLANG_WARN_EMPTY_BODY = YES;
				CLANG_WARN_ENUM_CONVERSION = YES;
				CLANG_WARN_INFINITE_RECURSION = YES;
				CLANG_WARN_INT_CONVERSION = YES;
				CLANG_WARN_NON_LITERAL_NULL_CONVERSION = YES;
				CLANG_WARN_OBJC_IMPLICIT_RETAIN_SELF = YES;
				CLANG_WARN_OBJC_LITERAL_CONVERSION = YES;
				CLANG_WARN_OBJC_ROOT_CLASS = YES_ERROR;
				CLANG_WARN_QUOTED_INCLUDE_IN_FRAMEWORK_HEADER = YES;
				CLANG_WARN_RANGE_LOOP_ANALYSIS = YES;
				CLANG_WARN_STRICT_PROTOTYPES = YES;
				CLANG_WARN_SUSPICIOUS_MOVE = YES;
				CLANG_WARN_UNGUARDED_AVAILABILITY = YES_AGGRESSIVE;
				CLANG_WARN_UNREACHABLE_CODE = YES;
				CLANG_WARN__DUPLICATE_METHOD_MATCH = YES;
				COPY_PHASE_STRIP = NO;
				DEBUG_INFORMATION_FORMAT = dwarf;
				ENABLE_STRICT_OBJC_MSGSEND = YES;
				ENABLE_TESTABILITY = YES;
				ENABLE_USER_SCRIPT_SANDBOXING = YES;
				GCC_C_LANGUAGE_STANDARD = gnu17;
				GCC_DYNAMIC_NO_PIC = NO;
				GCC_NO_COMMON_BLOCKS = YES;
				GCC_OPTIMIZATION_LEVEL = 0;
				GCC_PREPROCESSOR_DEFINITIONS = (
					"DEBUG=1",
					"$(inherited)",
				);
				GCC_WARN_64_TO_32_BIT_CONVERSION = YES;
				GCC_WARN_ABOUT_RETURN_TYPE = YES_ERROR;
				GCC_WARN_UNDECLARED_SELECTOR = YES;
				GCC_WARN_UNINITIALIZED_AUTOS = YES_AGGRESSIVE;
				GCC_WARN_UNUSED_FUNCTION = YES;
				GCC_WARN_UNUSED_VARIABLE = YES;
				IPHONEOS_DEPLOYMENT_TARGET = 17.5;
				LOCALIZATION_PREFERS_STRING_CATALOGS = YES;
				MTL_ENABLE_DEBUG_INFO = INCLUDE_SOURCE;
				MTL_FAST_MATH = YES;
				ONLY_ACTIVE_ARCH = YES;
				SDKROOT = iphoneos;
				SWIFT_ACTIVE_COMPILATION_CONDITIONS = "DEBUG $(inherited)";
				SWIFT_OPTIMIZATION_LEVEL = "-Onone";
			};
			name = Debug;
		};
		3C7BD0762D610B3400531F0C /* Release */ = {
			isa = XCBuildConfiguration;
			buildSettings = {
				ALWAYS_SEARCH_USER_PATHS = NO;
				ASSETCATALOG_COMPILER_GENERATE_SWIFT_ASSET_SYMBOL_EXTENSIONS = YES;
				CLANG_ANALYZER_NONNULL = YES;
				CLANG_ANALYZER_NUMBER_OBJECT_CONVERSION = YES_AGGRESSIVE;
				CLANG_CXX_LANGUAGE_STANDARD = "gnu++20";
				CLANG_ENABLE_MODULES = YES;
				CLANG_ENABLE_OBJC_ARC = YES;
				CLANG_ENABLE_OBJC_WEAK = YES;
				CLANG_WARN_BLOCK_CAPTURE_AUTORELEASING = YES;
				CLANG_WARN_BOOL_CONVERSION = YES;
				CLANG_WARN_COMMA = YES;
				CLANG_WARN_CONSTANT_CONVERSION = YES;
				CLANG_WARN_DEPRECATED_OBJC_IMPLEMENTATIONS = YES;
				CLANG_WARN_DIRECT_OBJC_ISA_USAGE = YES_ERROR;
				CLANG_WARN_DOCUMENTATION_COMMENTS = YES;
				CLANG_WARN_EMPTY_BODY = YES;
				CLANG_WARN_ENUM_CONVERSION = YES;
				CLANG_WARN_INFINITE_RECURSION = YES;
				CLANG_WARN_INT_CONVERSION = YES;
				CLANG_WARN_NON_LITERAL_NULL_CONVERSION = YES;
				CLANG_WARN_OBJC_IMPLICIT_RETAIN_SELF = YES;
				CLANG_WARN_OBJC_LITERAL_CONVERSION = YES;
				CLANG_WARN_OBJC_ROOT_CLASS = YES_ERROR;
				CLANG_WARN_QUOTED_INCLUDE_IN_FRAMEWORK_HEADER = YES;
				CLANG_WARN_RANGE_LOOP_ANALYSIS = YES;
				CLANG_WARN_STRICT_PROTOTYPES = YES;
				CLANG_WARN_SUSPICIOUS_MOVE = YES;
				CLANG_WARN_UNGUARDED_AVAILABILITY = YES_AGGRESSIVE;
				CLANG_WARN_UNREACHABLE_CODE = YES;
				CLANG_WARN__DUPLICATE_METHOD_MATCH = YES;
				COPY_PHASE_STRIP = NO;
				DEBUG_INFORMATION_FORMAT = "dwarf-with-dsym";
				ENABLE_NS_ASSERTIONS = NO;
				ENABLE_STRICT_OBJC_MSGSEND = YES;
				ENABLE_USER_SCRIPT_SANDBOXING = YES;
				GCC_C_LANGUAGE_STANDARD = gnu17;
				GCC_NO_COMMON_BLOCKS = YES;
				GCC_WARN_64_TO_32_BIT_CONVERSION = YES;
				GCC_WARN_ABOUT_RETURN_TYPE = YES_ERROR;
				GCC_WARN_UNDECLARED_SELECTOR = YES;
				GCC_WARN_UNINITIALIZED_AUTOS = YES_AGGRESSIVE;
				GCC_WARN_UNUSED_FUNCTION = YES;
				GCC_WARN_UNUSED_VARIABLE = YES;
				IPHONEOS_DEPLOYMENT_TARGET = 17.5;
				LOCALIZATION_PREFERS_STRING_CATALOGS = YES;
				MTL_ENABLE_DEBUG_INFO = NO;
				MTL_FAST_MATH = YES;
				SDKROOT = iphoneos;
				SWIFT_COMPILATION_MODE = wholemodule;
				VALIDATE_PRODUCT = YES;
			};
			name = Release;
		};
		3C7BD0782D610B3400531F0C /* Debug */ = {
			isa = XCBuildConfiguration;
			buildSettings = {
				ASSETCATALOG_COMPILER_APPICON_NAME = AppIcon;
				ASSETCATALOG_COMPILER_GLOBAL_ACCENT_COLOR_NAME = AccentColor;
				CODE_SIGN_STYLE = Automatic;
				CURRENT_PROJECT_VERSION = 1;
				DEVELOPMENT_TEAM = 2582NRYCS7;
				GENERATE_INFOPLIST_FILE = YES;
				INFOPLIST_FILE = ZenFlow/Info.plist;
				INFOPLIST_KEY_UIApplicationSupportsIndirectInputEvents = YES;
				INFOPLIST_KEY_UILaunchStoryboardName = LaunchScreen;
				INFOPLIST_KEY_UIMainStoryboardFile = Main;
				INFOPLIST_KEY_UISupportedInterfaceOrientations_iPad = "UIInterfaceOrientationPortrait UIInterfaceOrientationPortraitUpsideDown UIInterfaceOrientationLandscapeLeft UIInterfaceOrientationLandscapeRight";
				INFOPLIST_KEY_UISupportedInterfaceOrientations_iPhone = "UIInterfaceOrientationPortrait UIInterfaceOrientationLandscapeLeft UIInterfaceOrientationLandscapeRight";
				LD_RUNPATH_SEARCH_PATHS = (
					"$(inherited)",
					"@executable_path/Frameworks",
				);
				MARKETING_VERSION = 1.0;
				PRODUCT_BUNDLE_IDENTIFIER = "com.swara.ZenFlow-";
				PRODUCT_NAME = "$(TARGET_NAME)";
				SWIFT_EMIT_LOC_STRINGS = YES;
				SWIFT_VERSION = 5.0;
				TARGETED_DEVICE_FAMILY = "1,2";
			};
			name = Debug;
		};
		3C7BD0792D610B3400531F0C /* Release */ = {
			isa = XCBuildConfiguration;
			buildSettings = {
				ASSETCATALOG_COMPILER_APPICON_NAME = AppIcon;
				ASSETCATALOG_COMPILER_GLOBAL_ACCENT_COLOR_NAME = AccentColor;
				CODE_SIGN_STYLE = Automatic;
				CURRENT_PROJECT_VERSION = 1;
				DEVELOPMENT_TEAM = 2582NRYCS7;
				GENERATE_INFOPLIST_FILE = YES;
				INFOPLIST_FILE = ZenFlow/Info.plist;
				INFOPLIST_KEY_UIApplicationSupportsIndirectInputEvents = YES;
				INFOPLIST_KEY_UILaunchStoryboardName = LaunchScreen;
				INFOPLIST_KEY_UIMainStoryboardFile = Main;
				INFOPLIST_KEY_UISupportedInterfaceOrientations_iPad = "UIInterfaceOrientationPortrait UIInterfaceOrientationPortraitUpsideDown UIInterfaceOrientationLandscapeLeft UIInterfaceOrientationLandscapeRight";
				INFOPLIST_KEY_UISupportedInterfaceOrientations_iPhone = "UIInterfaceOrientationPortrait UIInterfaceOrientationLandscapeLeft UIInterfaceOrientationLandscapeRight";
				LD_RUNPATH_SEARCH_PATHS = (
					"$(inherited)",
					"@executable_path/Frameworks",
				);
				MARKETING_VERSION = 1.0;
				PRODUCT_BUNDLE_IDENTIFIER = "com.swara.ZenFlow-";
				PRODUCT_NAME = "$(TARGET_NAME)";
				SWIFT_EMIT_LOC_STRINGS = YES;
				SWIFT_VERSION = 5.0;
				TARGETED_DEVICE_FAMILY = "1,2";
			};
			name = Release;
		};
/* End XCBuildConfiguration section */

/* Begin XCConfigurationList section */
		3C7BD05E2D610B3200531F0C /* Build configuration list for PBXProject "ZenFlow" */ = {
			isa = XCConfigurationList;
			buildConfigurations = (
				3C7BD0752D610B3400531F0C /* Debug */,
				3C7BD0762D610B3400531F0C /* Release */,
			);
			defaultConfigurationIsVisible = 0;
			defaultConfigurationName = Release;
		};
		3C7BD0772D610B3400531F0C /* Build configuration list for PBXNativeTarget "ZenFlow" */ = {
			isa = XCConfigurationList;
			buildConfigurations = (
				3C7BD0782D610B3400531F0C /* Debug */,
				3C7BD0792D610B3400531F0C /* Release */,
			);
			defaultConfigurationIsVisible = 0;
			defaultConfigurationName = Release;
		};
/* End XCConfigurationList section */
	};
	rootObject = 3C7BD05B2D610B3200531F0C /* Project object */;
}
